// !$*UTF8*$!
{
	archiveVersion = 1;
	classes = {
	};
	objectVersion = 56;
	objects = {

/* Begin PBXBuildFile section */
		7A1C5A172B40F7D100E1A533 /* BetterRestAppApp.swift in Sources */ = {isa = PBXBuildFile; fileRef = 7A1C5A162B40F7D100E1A533 /* BetterRestAppApp.swift */; };
		7A1C5A192B40F7D100E1A533 /* ContentView.swift in Sources */ = {isa = PBXBuildFile; fileRef = 7A1C5A182B40F7D100E1A533 /* ContentView.swift */; };
		7A1C5A1B2B40F7D200E1A533 /* Assets.xcassets in Resources */ = {isa = PBXBuildFile; fileRef = 7A1C5A1A2B40F7D200E1A533 /* Assets.xcassets */; };
		7A1C5A1E2B40F7D200E1A533 /* Preview Assets.xcassets in Resources */ = {isa = PBXBuildFile; fileRef = 7A1C5A1D2B40F7D200E1A533 /* Preview Assets.xcassets */; };
		7A1C5A282B40F7D300E1A533 /* BetterRestAppTests.swift in Sources */ = {isa = PBXBuildFile; fileRef = 7A1C5A272B40F7D300E1A533 /* BetterRestAppTests.swift */; };
		7A1C5A322B40F7D300E1A533 /* BetterRestAppUITests.swift in Sources */ = {isa = PBXBuildFile; fileRef = 7A1C5A312B40F7D300E1A533 /* BetterRestAppUITests.swift */; };
		7A1C5A342B40F7D300E1A533 /* BetterRestAppUITestsLaunchTests.swift in Sources */ = {isa = PBXBuildFile; fileRef = 7A1C5A332B40F7D300E1A533 /* BetterRestAppUITestsLaunchTests.swift */; };
/* End PBXBuildFile section */

/* Begin PBXContainerItemProxy section */
		7A1C5A242B40F7D300E1A533 /* PBXContainerItemProxy */ = {
			isa = PBXContainerItemProxy;
			containerPortal = 7A1C5A0B2B40F7D100E1A533 /* Project object */;
			proxyType = 1;
			remoteGlobalIDString = 7A1C5A122B40F7D100E1A533;
			remoteInfo = BetterRestApp;
		};
		7A1C5A2E2B40F7D300E1A533 /* PBXContainerItemProxy */ = {
			isa = PBXContainerItemProxy;
			containerPortal = 7A1C5A0B2B40F7D100E1A533 /* Project object */;
			proxyType = 1;
			remoteGlobalIDString = 7A1C5A122B40F7D100E1A533;
			remoteInfo = BetterRestApp;
		};
/* End PBXContainerItemProxy section */

/* Begin PBXFileReference section */
		7A1C5A132B40F7D100E1A533 /* BetterRestApp.app */ = {isa = PBXFileReference; explicitFileType = wrapper.application; includeInIndex = 0; path = BetterRestApp.app; sourceTree = BUILT_PRODUCTS_DIR; };
		7A1C5A162B40F7D100E1A533 /* BetterRestAppApp.swift */ = {isa = PBXFileReference; lastKnownFileType = sourcecode.swift; path = BetterRestAppApp.swift; sourceTree = "<group>"; };
		7A1C5A182B40F7D100E1A533 /* ContentView.swift */ = {isa = PBXFileReference; lastKnownFileType = sourcecode.swift; path = ContentView.swift; sourceTree = "<group>"; };
		7A1C5A1A2B40F7D200E1A533 /* Assets.xcassets */ = {isa = PBXFileReference; lastKnownFileType = folder.assetcatalog; path = Assets.xcassets; sourceTree = "<group>"; };
		7A1C5A1D2B40F7D200E1A533 /* Preview Assets.xcassets */ = {isa = PBXFileReference; lastKnownFileType = folder.assetcatalog; path = "Preview Assets.xcassets"; sourceTree = "<group>"; };
		7A1C5A232B40F7D300E1A533 /* BetterRestAppTests.xctest */ = {isa = PBXFileReference; explicitFileType = wrapper.cfbundle; includeInIndex = 0; path = BetterRestAppTests.xctest; sourceTree = BUILT_PRODUCTS_DIR; };
		7A1C5A272B40F7D300E1A533 /* BetterRestAppTests.swift */ = {isa = PBXFileReference; lastKnownFileType = sourcecode.swift; path = BetterRestAppTests.swift; sourceTree = "<group>"; };
		7A1C5A2D2B40F7D300E1A533 /* BetterRestAppUITests.xctest */ = {isa = PBXFileReference; explicitFileType = wrapper.cfbundle; includeInIndex = 0; path = BetterRestAppUITests.xctest; sourceTree = BUILT_PRODUCTS_DIR; };
		7A1C5A312B40F7D300E1A533 /* BetterRestAppUITests.swift */ = {isa = PBXFileReference; lastKnownFileType = sourcecode.swift; path = BetterRestAppUITests.swift; sourceTree = "<group>"; };
		7A1C5A332B40F7D300E1A533 /* BetterRestAppUITestsLaunchTests.swift */ = {isa = PBXFileReference; lastKnownFileType = sourcecode.swift; path = BetterRestAppUITestsLaunchTests.swift; sourceTree = "<group>"; };
/* End PBXFileReference section */

/* Begin PBXFrameworksBuildPhase section */
		7A1C5A102B40F7D100E1A533 /* Frameworks */ = {
			isa = PBXFrameworksBuildPhase;
			buildActionMask = 2147483647;
			files = (
			);
			runOnlyForDeploymentPostprocessing = 0;
		};
		7A1C5A202B40F7D300E1A533 /* Frameworks */ = {
			isa = PBXFrameworksBuildPhase;
			buildActionMask = 2147483647;
			files = (
			);
			runOnlyForDeploymentPostprocessing = 0;
		};
		7A1C5A2A2B40F7D300E1A533 /* Frameworks */ = {
			isa = PBXFrameworksBuildPhase;
			buildActionMask = 2147483647;
			files = (
			);
			runOnlyForDeploymentPostprocessing = 0;
		};
/* End PBXFrameworksBuildPhase section */

/* Begin PBXGroup section */
		7A1C5A0A2B40F7D100E1A533 = {
			isa = PBXGroup;
			children = (
				7A1C5A152B40F7D100E1A533 /* BetterRestApp */,
				7A1C5A262B40F7D300E1A533 /* BetterRestAppTests */,
				7A1C5A302B40F7D300E1A533 /* BetterRestAppUITests */,
				7A1C5A142B40F7D100E1A533 /* Products */,
			);
			sourceTree = "<group>";
		};
		7A1C5A142B40F7D100E1A533 /* Products */ = {
			isa = PBXGroup;
			children = (
				7A1C5A132B40F7D100E1A533 /* BetterRestApp.app */,
				7A1C5A232B40F7D300E1A533 /* BetterRestAppTests.xctest */,
				7A1C5A2D2B40F7D300E1A533 /* BetterRestAppUITests.xctest */,
			);
			name = Products;
			sourceTree = "<group>";
		};
		7A1C5A152B40F7D100E1A533 /* BetterRestApp */ = {
			isa = PBXGroup;
			children = (
				7A1C5A162B40F7D100E1A533 /* BetterRestAppApp.swift */,
				7A1C5A182B40F7D100E1A533 /* ContentView.swift */,
				7A1C5A1A2B40F7D200E1A533 /* Assets.xcassets */,
				7A1C5A1C2B40F7D200E1A533 /* Preview Content */,
			);
			path = BetterRestApp;
			sourceTree = "<group>";
		};
		7A1C5A1C2B40F7D200E1A533 /* Preview Content */ = {
			isa = PBXGroup;
			children = (
				7A1C5A1D2B40F7D200E1A533 /* Preview Assets.xcassets */,
			);
			path = "Preview Content";
			sourceTree = "<group>";
		};
		7A1C5A262B40F7D300E1A533 /* BetterRestAppTests */ = {
			isa = PBXGroup;
			children = (
				7A1C5A272B40F7D300E1A533 /* BetterRestAppTests.swift */,
			);
			path = BetterRestAppTests;
			sourceTree = "<group>";
		};
		7A1C5A302B40F7D300E1A533 /* BetterRestAppUITests */ = {
			isa = PBXGroup;
			children = (
				7A1C5A312B40F7D300E1A533 /* BetterRestAppUITests.swift */,
				7A1C5A332B40F7D300E1A533 /* BetterRestAppUITestsLaunchTests.swift */,
			);
			path = BetterRestAppUITests;
			sourceTree = "<group>";
		};
/* End PBXGroup section */

/* Begin PBXNativeTarget section */
		7A1C5A122B40F7D100E1A533 /* BetterRestApp */ = {
			isa = PBXNativeTarget;
			buildConfigurationList = 7A1C5A372B40F7D300E1A533 /* Build configuration list for PBXNativeTarget "BetterRestApp" */;
			buildPhases = (
				7A1C5A0F2B40F7D100E1A533 /* Sources */,
				7A1C5A102B40F7D100E1A533 /* Frameworks */,
				7A1C5A112B40F7D100E1A533 /* Resources */,
			);
			buildRules = (
			);
			dependencies = (
			);
			name = BetterRestApp;
			productName = BetterRestApp;
			productReference = 7A1C5A132B40F7D100E1A533 /* BetterRestApp.app */;
			productType = "com.apple.product-type.application";
		};
		7A1C5A222B40F7D300E1A533 /* BetterRestAppTests */ = {
			isa = PBXNativeTarget;
			buildConfigurationList = 7A1C5A3A2B40F7D300E1A533 /* Build configuration list for PBXNativeTarget "BetterRestAppTests" */;
			buildPhases = (
				7A1C5A1F2B40F7D300E1A533 /* Sources */,
				7A1C5A202B40F7D300E1A533 /* Frameworks */,
				7A1C5A212B40F7D300E1A533 /* Resources */,
			);
			buildRules = (
			);
			dependencies = (
				7A1C5A252B40F7D300E1A533 /* PBXTargetDependency */,
			);
			name = BetterRestAppTests;
			productName = BetterRestAppTests;
			productReference = 7A1C5A232B40F7D300E1A533 /* BetterRestAppTests.xctest */;
			productType = "com.apple.product-type.bundle.unit-test";
		};
		7A1C5A2C2B40F7D300E1A533 /* BetterRestAppUITests */ = {
			isa = PBXNativeTarget;
			buildConfigurationList = 7A1C5A3D2B40F7D300E1A533 /* Build configuration list for PBXNativeTarget "BetterRestAppUITests" */;
			buildPhases = (
				7A1C5A292B40F7D300E1A533 /* Sources */,
				7A1C5A2A2B40F7D300E1A533 /* Frameworks */,
				7A1C5A2B2B40F7D300E1A533 /* Resources */,
			);
			buildRules = (
			);
			dependencies = (
				7A1C5A2F2B40F7D300E1A533 /* PBXTargetDependency */,
			);
			name = BetterRestAppUITests;
			productName = BetterRestAppUITests;
			productReference = 7A1C5A2D2B40F7D300E1A533 /* BetterRestAppUITests.xctest */;
			productType = "com.apple.product-type.bundle.ui-testing";
		};
/* End PBXNativeTarget section */

/* Begin PBXProject section */
		7A1C5A0B2B40F7D100E1A533 /* Project object */ = {
			isa = PBXProject;
			attributes = {
				BuildIndependentTargetsInParallel = 1;
				LastSwiftUpdateCheck = 1510;
				LastUpgradeCheck = 1510;
				TargetAttributes = {
					7A1C5A122B40F7D100E1A533 = {
						CreatedOnToolsVersion = 15.1;
					};
					7A1C5A222B40F7D300E1A533 = {
						CreatedOnToolsVersion = 15.1;
						TestTargetID = 7A1C5A122B40F7D100E1A533;
					};
					7A1C5A2C2B40F7D300E1A533 = {
						CreatedOnToolsVersion = 15.1;
						TestTargetID = 7A1C5A122B40F7D100E1A533;
					};
				};
			};
			buildConfigurationList = 7A1C5A0E2B40F7D100E1A533 /* Build configuration list for PBXProject "BetterRestApp" */;
			compatibilityVersion = "Xcode 14.0";
			developmentRegion = en;
			hasScannedForEncodings = 0;
			knownRegions = (
				en,
				Base,
			);
			mainGroup = 7A1C5A0A2B40F7D100E1A533;
			productRefGroup = 7A1C5A142B40F7D100E1A533 /* Products */;
			projectDirPath = "";
			projectRoot = "";
			targets = (
				7A1C5A122B40F7D100E1A533 /* BetterRestApp */,
				7A1C5A222B40F7D300E1A533 /* BetterRestAppTests */,
				7A1C5A2C2B40F7D300E1A533 /* BetterRestAppUITests */,
			);
		};
/* End PBXProject section */

/* Begin PBXResourcesBuildPhase section */
		7A1C5A112B40F7D100E1A533 /* Resources */ = {
			isa = PBXResourcesBuildPhase;
			buildActionMask = 2147483647;
			files = (
				7A1C5A1E2B40F7D200E1A533 /* Preview Assets.xcassets in Resources */,
				7A1C5A1B2B40F7D200E1A533 /* Assets.xcassets in Resources */,
			);
			runOnlyForDeploymentPostprocessing = 0;
		};
		7A1C5A212B40F7D300E1A533 /* Resources */ = {
			isa = PBXResourcesBuildPhase;
			buildActionMask = 2147483647;
			files = (
			);
			runOnlyForDeploymentPostprocessing = 0;
		};
		7A1C5A2B2B40F7D300E1A533 /* Resources */ = {
			isa = PBXResourcesBuildPhase;
			buildActionMask = 2147483647;
			files = (
			);
			runOnlyForDeploymentPostprocessing = 0;
		};
/* End PBXResourcesBuildPhase section */

/* Begin PBXSourcesBuildPhase section */
		7A1C5A0F2B40F7D100E1A533 /* Sources */ = {
			isa = PBXSourcesBuildPhase;
			buildActionMask = 2147483647;
			files = (
				7A1C5A192B40F7D100E1A533 /* ContentView.swift in Sources */,
				7A1C5A172B40F7D100E1A533 /* BetterRestAppApp.swift in Sources */,
			);
			runOnlyForDeploymentPostprocessing = 0;
		};
		7A1C5A1F2B40F7D300E1A533 /* Sources */ = {
			isa = PBXSourcesBuildPhase;
			buildActionMask = 2147483647;
			files = (
				7A1C5A282B40F7D300E1A533 /* BetterRestAppTests.swift in Sources */,
			);
			runOnlyForDeploymentPostprocessing = 0;
		};
		7A1C5A292B40F7D300E1A533 /* Sources */ = {
			isa = PBXSourcesBuildPhase;
			buildActionMask = 2147483647;
			files = (
				7A1C5A342B40F7D300E1A533 /* BetterRestAppUITestsLaunchTests.swift in Sources */,
				7A1C5A322B40F7D300E1A533 /* BetterRestAppUITests.swift in Sources */,
			);
			runOnlyForDeploymentPostprocessing = 0;
		};
/* End PBXSourcesBuildPhase section */

/* Begin PBXTargetDependency section */
		7A1C5A252B40F7D300E1A533 /* PBXTargetDependency */ = {
			isa = PBXTargetDependency;
			target = 7A1C5A122B40F7D100E1A533 /* BetterRestApp */;
			targetProxy = 7A1C5A242B40F7D300E1A533 /* PBXContainerItemProxy */;
		};
		7A1C5A2F2B40F7D300E1A533 /* PBXTargetDependency */ = {
			isa = PBXTargetDependency;
			target = 7A1C5A122B40F7D100E1A533 /* BetterRestApp */;
			targetProxy = 7A1C5A2E2B40F7D300E1A533 /* PBXContainerItemProxy */;
		};
/* End PBXTargetDependency section */

/* Begin XCBuildConfiguration section */
		7A1C5A352B40F7D300E1A533 /* Debug */ = {
			isa = XCBuildConfiguration;
			buildSettings = {
				ALWAYS_SEARCH_USER_PATHS = NO;
				ASSETCATALOG_COMPILER_GENERATE_SWIFT_ASSET_SYMBOL_EXTENSIONS = YES;
				CLANG_ANALYZER_NONNULL = YES;
				CLANG_ANALYZER_NUMBER_OBJECT_CONVERSION = YES_AGGRESSIVE;
				CLANG_CXX_LANGUAGE_STANDARD = "gnu++20";
				CLANG_ENABLE_MODULES = YES;
				CLANG_ENABLE_OBJC_ARC = YES;
				CLANG_ENABLE_OBJC_WEAK = YES;
				CLANG_WARN_BLOCK_CAPTURE_AUTORELEASING = YES;
				CLANG_WARN_BOOL_CONVERSION = YES;
				CLANG_WARN_COMMA = YES;
				CLANG_WARN_CONSTANT_CONVERSION = YES;
				CLANG_WARN_DEPRECATED_OBJC_IMPLEMENTATIONS = YES;
				CLANG_WARN_DIRECT_OBJC_ISA_USAGE = YES_ERROR;
				CLANG_WARN_DOCUMENTATION_COMMENTS = YES;
				CLANG_WARN_EMPTY_BODY = YES;
				CLANG_WARN_ENUM_CONVERSION = YES;
				CLANG_WARN_INFINITE_RECURSION = YES;
				CLANG_WARN_INT_CONVERSION = YES;
				CLANG_WARN_NON_LITERAL_NULL_CONVERSION = YES;
				CLANG_WARN_OBJC_IMPLICIT_RETAIN_SELF = YES;
				CLANG_WARN_OBJC_LITERAL_CONVERSION = YES;
				CLANG_WARN_OBJC_ROOT_CLASS = YES_ERROR;
				CLANG_WARN_QUOTED_INCLUDE_IN_FRAMEWORK_HEADER = YES;
				CLANG_WARN_RANGE_LOOP_ANALYSIS = YES;
				CLANG_WARN_STRICT_PROTOTYPES = YES;
				CLANG_WARN_SUSPICIOUS_MOVE = YES;
				CLANG_WARN_UNGUARDED_AVAILABILITY = YES_AGGRESSIVE;
				CLANG_WARN_UNREACHABLE_CODE = YES;
				CLANG_WARN__DUPLICATE_METHOD_MATCH = YES;
				COPY_PHASE_STRIP = NO;
				DEBUG_INFORMATION_FORMAT = dwarf;
				ENABLE_STRICT_OBJC_MSGSEND = YES;
				ENABLE_TESTABILITY = YES;
				ENABLE_USER_SCRIPT_SANDBOXING = YES;
				GCC_C_LANGUAGE_STANDARD = gnu17;
				GCC_DYNAMIC_NO_PIC = NO;
				GCC_NO_COMMON_BLOCKS = YES;
				GCC_OPTIMIZATION_LEVEL = 0;
				GCC_PREPROCESSOR_DEFINITIONS = (
					"DEBUG=1",
					"$(inherited)",
				);
				GCC_WARN_64_TO_32_BIT_CONVERSION = YES;
				GCC_WARN_ABOUT_RETURN_TYPE = YES_ERROR;
				GCC_WARN_UNDECLARED_SELECTOR = YES;
				GCC_WARN_UNINITIALIZED_AUTOS = YES_AGGRESSIVE;
				GCC_WARN_UNUSED_FUNCTION = YES;
				GCC_WARN_UNUSED_VARIABLE = YES;
				IPHONEOS_DEPLOYMENT_TARGET = 17.2;
				LOCALIZATION_PREFERS_STRING_CATALOGS = YES;
				MTL_ENABLE_DEBUG_INFO = INCLUDE_SOURCE;
				MTL_FAST_MATH = YES;
				ONLY_ACTIVE_ARCH = YES;
				SDKROOT = iphoneos;
				SWIFT_ACTIVE_COMPILATION_CONDITIONS = "DEBUG $(inherited)";
				SWIFT_OPTIMIZATION_LEVEL = "-Onone";
			};
			name = Debug;
		};
		7A1C5A362B40F7D300E1A533 /* Release */ = {
			isa = XCBuildConfiguration;
			buildSettings = {
				ALWAYS_SEARCH_USER_PATHS = NO;
				ASSETCATALOG_COMPILER_GENERATE_SWIFT_ASSET_SYMBOL_EXTENSIONS = YES;
				CLANG_ANALYZER_NONNULL = YES;
				CLANG_ANALYZER_NUMBER_OBJECT_CONVERSION = YES_AGGRESSIVE;
				CLANG_CXX_LANGUAGE_STANDARD = "gnu++20";
				CLANG_ENABLE_MODULES = YES;
				CLANG_ENABLE_OBJC_ARC = YES;
				CLANG_ENABLE_OBJC_WEAK = YES;
				CLANG_WARN_BLOCK_CAPTURE_AUTORELEASING = YES;
				CLANG_WARN_BOOL_CONVERSION = YES;
				CLANG_WARN_COMMA = YES;
				CLANG_WARN_CONSTANT_CONVERSION = YES;
				CLANG_WARN_DEPRECATED_OBJC_IMPLEMENTATIONS = YES;
				CLANG_WARN_DIRECT_OBJC_ISA_USAGE = YES_ERROR;
				CLANG_WARN_DOCUMENTATION_COMMENTS = YES;
				CLANG_WARN_EMPTY_BODY = YES;
				CLANG_WARN_ENUM_CONVERSION = YES;
				CLANG_WARN_INFINITE_RECURSION = YES;
				CLANG_WARN_INT_CONVERSION = YES;
				CLANG_WARN_NON_LITERAL_NULL_CONVERSION = YES;
				CLANG_WARN_OBJC_IMPLICIT_RETAIN_SELF = YES;
				CLANG_WARN_OBJC_LITERAL_CONVERSION = YES;
				CLANG_WARN_OBJC_ROOT_CLASS = YES_ERROR;
				CLANG_WARN_QUOTED_INCLUDE_IN_FRAMEWORK_HEADER = YES;
				CLANG_WARN_RANGE_LOOP_ANALYSIS = YES;
				CLANG_WARN_STRICT_PROTOTYPES = YES;
				CLANG_WARN_SUSPICIOUS_MOVE = YES;
				CLANG_WARN_UNGUARDED_AVAILABILITY = YES_AGGRESSIVE;
				CLANG_WARN_UNREACHABLE_CODE = YES;
				CLANG_WARN__DUPLICATE_METHOD_MATCH = YES;
				COPY_PHASE_STRIP = NO;
				DEBUG_INFORMATION_FORMAT = "dwarf-with-dsym";
				ENABLE_NS_ASSERTIONS = NO;
				ENABLE_STRICT_OBJC_MSGSEND = YES;
				ENABLE_USER_SCRIPT_SANDBOXING = YES;
				GCC_C_LANGUAGE_STANDARD = gnu17;
				GCC_NO_COMMON_BLOCKS = YES;
				GCC_WARN_64_TO_32_BIT_CONVERSION = YES;
				GCC_WARN_ABOUT_RETURN_TYPE = YES_ERROR;
				GCC_WARN_UNDECLARED_SELECTOR = YES;
				GCC_WARN_UNINITIALIZED_AUTOS = YES_AGGRESSIVE;
				GCC_WARN_UNUSED_FUNCTION = YES;
				GCC_WARN_UNUSED_VARIABLE = YES;
				IPHONEOS_DEPLOYMENT_TARGET = 17.2;
				LOCALIZATION_PREFERS_STRING_CATALOGS = YES;
				MTL_ENABLE_DEBUG_INFO = NO;
				MTL_FAST_MATH = YES;
				SDKROOT = iphoneos;
				SWIFT_COMPILATION_MODE = wholemodule;
				VALIDATE_PRODUCT = YES;
			};
			name = Release;
		};
		7A1C5A382B40F7D300E1A533 /* Debug */ = {
			isa = XCBuildConfiguration;
			buildSettings = {
				ASSETCATALOG_COMPILER_APPICON_NAME = AppIcon;
				ASSETCATALOG_COMPILER_GLOBAL_ACCENT_COLOR_NAME = AccentColor;
				CODE_SIGN_STYLE = Automatic;
				CURRENT_PROJECT_VERSION = 1;
				DEVELOPMENT_ASSET_PATHS = "\"BetterRestApp/Preview Content\"";
				DEVELOPMENT_TEAM = 2DDP9BK6TP;
				ENABLE_PREVIEWS = YES;
				GENERATE_INFOPLIST_FILE = YES;
				INFOPLIST_KEY_UIApplicationSceneManifest_Generation = YES;
				INFOPLIST_KEY_UIApplicationSupportsIndirectInputEvents = YES;
				INFOPLIST_KEY_UILaunchScreen_Generation = YES;
				INFOPLIST_KEY_UISupportedInterfaceOrientations_iPad = "UIInterfaceOrientationPortrait UIInterfaceOrientationPortraitUpsideDown UIInterfaceOrientationLandscapeLeft UIInterfaceOrientationLandscapeRight";
				INFOPLIST_KEY_UISupportedInterfaceOrientations_iPhone = "UIInterfaceOrientationPortrait UIInterfaceOrientationLandscapeLeft UIInterfaceOrientationLandscapeRight";
				LD_RUNPATH_SEARCH_PATHS = (
					"$(inherited)",
					"@executable_path/Frameworks",
				);
				MARKETING_VERSION = 1.0;
				PRODUCT_BUNDLE_IDENTIFIER = "Robert-Bates.BetterRestApp";
				PRODUCT_NAME = "$(TARGET_NAME)";
				SWIFT_EMIT_LOC_STRINGS = YES;
				SWIFT_VERSION = 5.0;
				TARGETED_DEVICE_FAMILY = "1,2";
			};
			name = Debug;
		};
		7A1C5A392B40F7D300E1A533 /* Release */ = {
			isa = XCBuildConfiguration;
			buildSettings = {
				ASSETCATALOG_COMPILER_APPICON_NAME = AppIcon;
				ASSETCATALOG_COMPILER_GLOBAL_ACCENT_COLOR_NAME = AccentColor;
				CODE_SIGN_STYLE = Automatic;
				CURRENT_PROJECT_VERSION = 1;
				DEVELOPMENT_ASSET_PATHS = "\"BetterRestApp/Preview Content\"";
				DEVELOPMENT_TEAM = 2DDP9BK6TP;
				ENABLE_PREVIEWS = YES;
				GENERATE_INFOPLIST_FILE = YES;
				INFOPLIST_KEY_UIApplicationSceneManifest_Generation = YES;
				INFOPLIST_KEY_UIApplicationSupportsIndirectInputEvents = YES;
				INFOPLIST_KEY_UILaunchScreen_Generation = YES;
				INFOPLIST_KEY_UISupportedInterfaceOrientations_iPad = "UIInterfaceOrientationPortrait UIInterfaceOrientationPortraitUpsideDown UIInterfaceOrientationLandscapeLeft UIInterfaceOrientationLandscapeRight";
				INFOPLIST_KEY_UISupportedInterfaceOrientations_iPhone = "UIInterfaceOrientationPortrait UIInterfaceOrientationLandscapeLeft UIInterfaceOrientationLandscapeRight";
				LD_RUNPATH_SEARCH_PATHS = (
					"$(inherited)",
					"@executable_path/Frameworks",
				);
				MARKETING_VERSION = 1.0;
				PRODUCT_BUNDLE_IDENTIFIER = "Robert-Bates.BetterRestApp";
				PRODUCT_NAME = "$(TARGET_NAME)";
				SWIFT_EMIT_LOC_STRINGS = YES;
				SWIFT_VERSION = 5.0;
				TARGETED_DEVICE_FAMILY = "1,2";
			};
			name = Release;
		};
		7A1C5A3B2B40F7D300E1A533 /* Debug */ = {
			isa = XCBuildConfiguration;
			buildSettings = {
				ALWAYS_EMBED_SWIFT_STANDARD_LIBRARIES = YES;
				BUNDLE_LOADER = "$(TEST_HOST)";
				CODE_SIGN_STYLE = Automatic;
				CURRENT_PROJECT_VERSION = 1;
				DEVELOPMENT_TEAM = 2DDP9BK6TP;
				GENERATE_INFOPLIST_FILE = YES;
				IPHONEOS_DEPLOYMENT_TARGET = 17.2;
				MARKETING_VERSION = 1.0;
				PRODUCT_BUNDLE_IDENTIFIER = "Robert-Bates.BetterRestAppTests";
				PRODUCT_NAME = "$(TARGET_NAME)";
				SWIFT_EMIT_LOC_STRINGS = NO;
				SWIFT_VERSION = 5.0;
				TARGETED_DEVICE_FAMILY = "1,2";
				TEST_HOST = "$(BUILT_PRODUCTS_DIR)/BetterRestApp.app/$(BUNDLE_EXECUTABLE_FOLDER_PATH)/BetterRestApp";
			};
			name = Debug;
		};
		7A1C5A3C2B40F7D300E1A533 /* Release */ = {
			isa = XCBuildConfiguration;
			buildSettings = {
				ALWAYS_EMBED_SWIFT_STANDARD_LIBRARIES = YES;
				BUNDLE_LOADER = "$(TEST_HOST)";
				CODE_SIGN_STYLE = Automatic;
				CURRENT_PROJECT_VERSION = 1;
				DEVELOPMENT_TEAM = 2DDP9BK6TP;
				GENERATE_INFOPLIST_FILE = YES;
				IPHONEOS_DEPLOYMENT_TARGET = 17.2;
				MARKETING_VERSION = 1.0;
				PRODUCT_BUNDLE_IDENTIFIER = "Robert-Bates.BetterRestAppTests";
				PRODUCT_NAME = "$(TARGET_NAME)";
				SWIFT_EMIT_LOC_STRINGS = NO;
				SWIFT_VERSION = 5.0;
				TARGETED_DEVICE_FAMILY = "1,2";
				TEST_HOST = "$(BUILT_PRODUCTS_DIR)/BetterRestApp.app/$(BUNDLE_EXECUTABLE_FOLDER_PATH)/BetterRestApp";
			};
			name = Release;
		};
		7A1C5A3E2B40F7D300E1A533 /* Debug */ = {
			isa = XCBuildConfiguration;
			buildSettings = {
				ALWAYS_EMBED_SWIFT_STANDARD_LIBRARIES = YES;
				CODE_SIGN_STYLE = Automatic;
				CURRENT_PROJECT_VERSION = 1;
				DEVELOPMENT_TEAM = 2DDP9BK6TP;
				GENERATE_INFOPLIST_FILE = YES;
				MARKETING_VERSION = 1.0;
				PRODUCT_BUNDLE_IDENTIFIER = "Robert-Bates.BetterRestAppUITests";
				PRODUCT_NAME = "$(TARGET_NAME)";
				SWIFT_EMIT_LOC_STRINGS = NO;
				SWIFT_VERSION = 5.0;
				TARGETED_DEVICE_FAMILY = "1,2";
				TEST_TARGET_NAME = BetterRestApp;
			};
			name = Debug;
		};
		7A1C5A3F2B40F7D300E1A533 /* Release */ = {
			isa = XCBuildConfiguration;
			buildSettings = {
				ALWAYS_EMBED_SWIFT_STANDARD_LIBRARIES = YES;
				CODE_SIGN_STYLE = Automatic;
				CURRENT_PROJECT_VERSION = 1;
				DEVELOPMENT_TEAM = 2DDP9BK6TP;
				GENERATE_INFOPLIST_FILE = YES;
				MARKETING_VERSION = 1.0;
				PRODUCT_BUNDLE_IDENTIFIER = "Robert-Bates.BetterRestAppUITests";
				PRODUCT_NAME = "$(TARGET_NAME)";
				SWIFT_EMIT_LOC_STRINGS = NO;
				SWIFT_VERSION = 5.0;
				TARGETED_DEVICE_FAMILY = "1,2";
				TEST_TARGET_NAME = BetterRestApp;
			};
			name = Release;
		};
/* End XCBuildConfiguration section */

/* Begin XCConfigurationList section */
		7A1C5A0E2B40F7D100E1A533 /* Build configuration list for PBXProject "BetterRestApp" */ = {
			isa = XCConfigurationList;
			buildConfigurations = (
				7A1C5A352B40F7D300E1A533 /* Debug */,
				7A1C5A362B40F7D300E1A533 /* Release */,
			);
			defaultConfigurationIsVisible = 0;
			defaultConfigurationName = Release;
		};
		7A1C5A372B40F7D300E1A533 /* Build configuration list for PBXNativeTarget "BetterRestApp" */ = {
			isa = XCConfigurationList;
			buildConfigurations = (
				7A1C5A382B40F7D300E1A533 /* Debug */,
				7A1C5A392B40F7D300E1A533 /* Release */,
			);
			defaultConfigurationIsVisible = 0;
			defaultConfigurationName = Release;
		};
		7A1C5A3A2B40F7D300E1A533 /* Build configuration list for PBXNativeTarget "BetterRestAppTests" */ = {
			isa = XCConfigurationList;
			buildConfigurations = (
				7A1C5A3B2B40F7D300E1A533 /* Debug */,
				7A1C5A3C2B40F7D300E1A533 /* Release */,
			);
			defaultConfigurationIsVisible = 0;
			defaultConfigurationName = Release;
		};
		7A1C5A3D2B40F7D300E1A533 /* Build configuration list for PBXNativeTarget "BetterRestAppUITests" */ = {
			isa = XCConfigurationList;
			buildConfigurations = (
				7A1C5A3E2B40F7D300E1A533 /* Debug */,
				7A1C5A3F2B40F7D300E1A533 /* Release */,
			);
			defaultConfigurationIsVisible = 0;
			defaultConfigurationName = Release;
		};
/* End XCConfigurationList section */
	};
	rootObject = 7A1C5A0B2B40F7D100E1A533 /* Project object */;
}
